
Microsoft Visual Studio Solution File, Format Version 12.00
# Visual Studio Version 17
VisualStudioVersion = 17.8.34330.188
MinimumVisualStudioVersion = 10.0.40219.1
Project("{FAE04EC0-301F-11D3-BF4B-00C04F79EFBC}") = "Do_An_Web_K2", "Do_An_Web_K2\Do_An_Web_K2.csproj", "{E88BF972-463E-42C9-B849-FBEE126F28FC}"
EndProject
Global
	GlobalSection(SolutionConfigurationPlatforms) = preSolution
		Debug|Any CPU = Debug|Any CPU
		Release|Any CPU = Release|Any CPU
	EndGlobalSection
	GlobalSection(ProjectConfigurationPlatforms) = postSolution
		{E88BF972-463E-42C9-B849-FBEE126F28FC}.Debug|Any CPU.ActiveCfg = Debug|Any CPU
		{E88BF972-463E-42C9-B849-FBEE126F28FC}.Debug|Any CPU.Build.0 = Debug|Any CPU
		{E88BF972-463E-42C9-B849-FBEE126F28FC}.Release|Any CPU.ActiveCfg = Release|Any CPU
		{E88BF972-463E-42C9-B849-FBEE126F28FC}.Release|Any CPU.Build.0 = Release|Any CPU
	EndGlobalSection
	GlobalSection(SolutionProperties) = preSolution
		HideSolutionNode = FALSE
	EndGlobalSection
	GlobalSection(ExtensibilityGlobals) = postSolution
		SolutionGuid = {C5F9386B-27B7-47AA-AFFC-58DED749D6C7}
	EndGlobalSection
EndGlobal
